
Microsoft Visual Studio Solution File, Format Version 12.00
# Visual Studio Version 17
VisualStudioVersion = 17.10.34928.147
MinimumVisualStudioVersion = 10.0.40219.1
Project("{9A19103F-16F7-4668-BE54-9A1E7A4F7556}") = "MealMate.PL", "MealMate.PL\MealMate.PL.csproj", "{016EA372-0CC3-4CBD-AF6E-CA3374F95EDF}"
EndProject
Project("{9A19103F-16F7-4668-BE54-9A1E7A4F7556}") = "MealMate.BLL", "MealMate.BLL\MealMate.BLL.csproj", "{42105558-541E-4B36-B8FA-49EF992402DB}"
EndProject
Project("{9A19103F-16F7-4668-BE54-9A1E7A4F7556}") = "MealMate.DAL", "MealMate.DAL\MealMate.DAL.csproj", "{9FA64595-349D-41BC-A973-728D348CCF1F}"
EndProject
Project("{9A19103F-16F7-4668-BE54-9A1E7A4F7556}") = "MealMate.Test", "MealMate.Test\MealMate.Test.csproj", "{251865C0-3571-46B1-B831-F8F210CA1624}"
EndProject
Project("{9A19103F-16F7-4668-BE54-9A1E7A4F7556}") = "MealMate.base", "MealMate.base\MealMate.base.csproj", "{81D29EE5-5C63-433B-ABCC-53D326FF3E0C}"
EndProject
Global
	GlobalSection(SolutionConfigurationPlatforms) = preSolution
		Debug|Any CPU = Debug|Any CPU
		Release|Any CPU = Release|Any CPU
	EndGlobalSection
	GlobalSection(ProjectConfigurationPlatforms) = postSolution
		{016EA372-0CC3-4CBD-AF6E-CA3374F95EDF}.Debug|Any CPU.ActiveCfg = Debug|Any CPU
		{016EA372-0CC3-4CBD-AF6E-CA3374F95EDF}.Debug|Any CPU.Build.0 = Debug|Any CPU
		{016EA372-0CC3-4CBD-AF6E-CA3374F95EDF}.Release|Any CPU.ActiveCfg = Release|Any CPU
		{016EA372-0CC3-4CBD-AF6E-CA3374F95EDF}.Release|Any CPU.Build.0 = Release|Any CPU
		{42105558-541E-4B36-B8FA-49EF992402DB}.Debug|Any CPU.ActiveCfg = Debug|Any CPU
		{42105558-541E-4B36-B8FA-49EF992402DB}.Debug|Any CPU.Build.0 = Debug|Any CPU
		{42105558-541E-4B36-B8FA-49EF992402DB}.Release|Any CPU.ActiveCfg = Release|Any CPU
		{42105558-541E-4B36-B8FA-49EF992402DB}.Release|Any CPU.Build.0 = Release|Any CPU
		{9FA64595-349D-41BC-A973-728D348CCF1F}.Debug|Any CPU.ActiveCfg = Debug|Any CPU
		{9FA64595-349D-41BC-A973-728D348CCF1F}.Debug|Any CPU.Build.0 = Debug|Any CPU
		{9FA64595-349D-41BC-A973-728D348CCF1F}.Release|Any CPU.ActiveCfg = Release|Any CPU
		{9FA64595-349D-41BC-A973-728D348CCF1F}.Release|Any CPU.Build.0 = Release|Any CPU
		{251865C0-3571-46B1-B831-F8F210CA1624}.Debug|Any CPU.ActiveCfg = Debug|Any CPU
		{251865C0-3571-46B1-B831-F8F210CA1624}.Debug|Any CPU.Build.0 = Debug|Any CPU
		{251865C0-3571-46B1-B831-F8F210CA1624}.Release|Any CPU.ActiveCfg = Release|Any CPU
		{251865C0-3571-46B1-B831-F8F210CA1624}.Release|Any CPU.Build.0 = Release|Any CPU
		{81D29EE5-5C63-433B-ABCC-53D326FF3E0C}.Debug|Any CPU.ActiveCfg = Debug|Any CPU
		{81D29EE5-5C63-433B-ABCC-53D326FF3E0C}.Debug|Any CPU.Build.0 = Debug|Any CPU
		{81D29EE5-5C63-433B-ABCC-53D326FF3E0C}.Release|Any CPU.ActiveCfg = Release|Any CPU
		{81D29EE5-5C63-433B-ABCC-53D326FF3E0C}.Release|Any CPU.Build.0 = Release|Any CPU
	EndGlobalSection
	GlobalSection(SolutionProperties) = preSolution
		HideSolutionNode = FALSE
	EndGlobalSection
	GlobalSection(ExtensibilityGlobals) = postSolution
		SolutionGuid = {8C240B70-AB68-478B-91A4-BD1D1C01E90C}
	EndGlobalSection
EndGlobal
